
Microsoft Visual Studio Solution File, Format Version 12.00
# Visual Studio 14
VisualStudioVersion = 14.0.25420.1
MinimumVisualStudioVersion = 10.0.40219.1
Project("{FAE04EC0-301F-11D3-BF4B-00C04F79EFBC}") = "RFramework.Message", "RFramework.Message\RFramework.Message.csproj", "{5160100E-F2F5-4875-8C2A-B8D1553BCE50}"
EndProject
Project("{FAE04EC0-301F-11D3-BF4B-00C04F79EFBC}") = "RFramework.ServiceClient", "RFramework.ServiceClient\RFramework.ServiceClient.csproj", "{3430B7E8-F258-4460-9CFB-A37147349825}"
EndProject
Project("{FAE04EC0-301F-11D3-BF4B-00C04F79EFBC}") = "RFramework.Cache", "RFramework.Cache\RFramework.Cache.csproj", "{269EB3F9-820D-49C4-8284-79F90ADD7FE9}"
EndProject
Project("{FAE04EC0-301F-11D3-BF4B-00C04F79EFBC}") = "RFramework.Provider", "RFramework.Provider\RFramework.Provider.csproj", "{20997077-1D8F-4B21-898A-C4793A3EF7F4}"
EndProject
Project("{2150E333-8FDC-42A3-9474-1A3956D46DE8}") = "Test", "Test", "{626DB107-AF44-4032-8B90-B7C3B286A146}"
EndProject
Project("{FAE04EC0-301F-11D3-BF4B-00C04F79EFBC}") = "RFramework.Test", "RFramework.Test\RFramework.Test.csproj", "{24579364-47D1-425D-A5EE-49802C471F6A}"
EndProject
Project("{FAE04EC0-301F-11D3-BF4B-00C04F79EFBC}") = "RFramework.Filter", "RFramework.Filter\RFramework.Filter.csproj", "{C8B868C0-7F15-45E6-9514-0B9804C2ED54}"
EndProject
Project("{FAE04EC0-301F-11D3-BF4B-00C04F79EFBC}") = "RFramework.RException", "RFramework.Exception\RFramework.RException.csproj", "{9F9209D7-6235-4787-BD13-1B18B065E284}"
EndProject
Project("{FAE04EC0-301F-11D3-BF4B-00C04F79EFBC}") = "RFramework.Const", "RFramework.Const\RFramework.Const.csproj", "{5C3C0780-31F7-4A90-A545-544FA26A2799}"
EndProject
Project("{FAE04EC0-301F-11D3-BF4B-00C04F79EFBC}") = "RFramework.Configuration", "RFramework.Configuration\RFramework.Configuration.csproj", "{0E00CE0D-75B3-4E1D-8B3C-39092ECA8D3E}"
EndProject
Global
	GlobalSection(SolutionConfigurationPlatforms) = preSolution
		Debug|Any CPU = Debug|Any CPU
		Release|Any CPU = Release|Any CPU
	EndGlobalSection
	GlobalSection(ProjectConfigurationPlatforms) = postSolution
		{5160100E-F2F5-4875-8C2A-B8D1553BCE50}.Debug|Any CPU.ActiveCfg = Debug|Any CPU
		{5160100E-F2F5-4875-8C2A-B8D1553BCE50}.Debug|Any CPU.Build.0 = Debug|Any CPU
		{5160100E-F2F5-4875-8C2A-B8D1553BCE50}.Release|Any CPU.ActiveCfg = Release|Any CPU
		{5160100E-F2F5-4875-8C2A-B8D1553BCE50}.Release|Any CPU.Build.0 = Release|Any CPU
		{3430B7E8-F258-4460-9CFB-A37147349825}.Debug|Any CPU.ActiveCfg = Debug|Any CPU
		{3430B7E8-F258-4460-9CFB-A37147349825}.Debug|Any CPU.Build.0 = Debug|Any CPU
		{3430B7E8-F258-4460-9CFB-A37147349825}.Release|Any CPU.ActiveCfg = Release|Any CPU
		{3430B7E8-F258-4460-9CFB-A37147349825}.Release|Any CPU.Build.0 = Release|Any CPU
		{269EB3F9-820D-49C4-8284-79F90ADD7FE9}.Debug|Any CPU.ActiveCfg = Debug|Any CPU
		{269EB3F9-820D-49C4-8284-79F90ADD7FE9}.Debug|Any CPU.Build.0 = Debug|Any CPU
		{269EB3F9-820D-49C4-8284-79F90ADD7FE9}.Release|Any CPU.ActiveCfg = Release|Any CPU
		{269EB3F9-820D-49C4-8284-79F90ADD7FE9}.Release|Any CPU.Build.0 = Release|Any CPU
		{20997077-1D8F-4B21-898A-C4793A3EF7F4}.Debug|Any CPU.ActiveCfg = Debug|Any CPU
		{20997077-1D8F-4B21-898A-C4793A3EF7F4}.Debug|Any CPU.Build.0 = Debug|Any CPU
		{20997077-1D8F-4B21-898A-C4793A3EF7F4}.Release|Any CPU.ActiveCfg = Release|Any CPU
		{20997077-1D8F-4B21-898A-C4793A3EF7F4}.Release|Any CPU.Build.0 = Release|Any CPU
		{24579364-47D1-425D-A5EE-49802C471F6A}.Debug|Any CPU.ActiveCfg = Debug|Any CPU
		{24579364-47D1-425D-A5EE-49802C471F6A}.Debug|Any CPU.Build.0 = Debug|Any CPU
		{24579364-47D1-425D-A5EE-49802C471F6A}.Release|Any CPU.ActiveCfg = Release|Any CPU
		{24579364-47D1-425D-A5EE-49802C471F6A}.Release|Any CPU.Build.0 = Release|Any CPU
		{C8B868C0-7F15-45E6-9514-0B9804C2ED54}.Debug|Any CPU.ActiveCfg = Debug|Any CPU
		{C8B868C0-7F15-45E6-9514-0B9804C2ED54}.Debug|Any CPU.Build.0 = Debug|Any CPU
		{C8B868C0-7F15-45E6-9514-0B9804C2ED54}.Release|Any CPU.ActiveCfg = Release|Any CPU
		{C8B868C0-7F15-45E6-9514-0B9804C2ED54}.Release|Any CPU.Build.0 = Release|Any CPU
		{9F9209D7-6235-4787-BD13-1B18B065E284}.Debug|Any CPU.ActiveCfg = Debug|Any CPU
		{9F9209D7-6235-4787-BD13-1B18B065E284}.Debug|Any CPU.Build.0 = Debug|Any CPU
		{9F9209D7-6235-4787-BD13-1B18B065E284}.Release|Any CPU.ActiveCfg = Release|Any CPU
		{9F9209D7-6235-4787-BD13-1B18B065E284}.Release|Any CPU.Build.0 = Release|Any CPU
		{5C3C0780-31F7-4A90-A545-544FA26A2799}.Debug|Any CPU.ActiveCfg = Debug|Any CPU
		{5C3C0780-31F7-4A90-A545-544FA26A2799}.Debug|Any CPU.Build.0 = Debug|Any CPU
		{5C3C0780-31F7-4A90-A545-544FA26A2799}.Release|Any CPU.ActiveCfg = Release|Any CPU
		{5C3C0780-31F7-4A90-A545-544FA26A2799}.Release|Any CPU.Build.0 = Release|Any CPU
		{17E9A912-F417-45C0-B79A-95D4CC9D604A}.Debug|Any CPU.ActiveCfg = Debug|Any CPU
		{17E9A912-F417-45C0-B79A-95D4CC9D604A}.Debug|Any CPU.Build.0 = Debug|Any CPU
		{17E9A912-F417-45C0-B79A-95D4CC9D604A}.Release|Any CPU.ActiveCfg = Release|Any CPU
		{17E9A912-F417-45C0-B79A-95D4CC9D604A}.Release|Any CPU.Build.0 = Release|Any CPU
		{0E00CE0D-75B3-4E1D-8B3C-39092ECA8D3E}.Debug|Any CPU.ActiveCfg = Debug|Any CPU
		{0E00CE0D-75B3-4E1D-8B3C-39092ECA8D3E}.Debug|Any CPU.Build.0 = Debug|Any CPU
		{0E00CE0D-75B3-4E1D-8B3C-39092ECA8D3E}.Release|Any CPU.ActiveCfg = Release|Any CPU
		{0E00CE0D-75B3-4E1D-8B3C-39092ECA8D3E}.Release|Any CPU.Build.0 = Release|Any CPU
	EndGlobalSection
	GlobalSection(SolutionProperties) = preSolution
		HideSolutionNode = FALSE
	EndGlobalSection
	GlobalSection(NestedProjects) = preSolution
		{24579364-47D1-425D-A5EE-49802C471F6A} = {626DB107-AF44-4032-8B90-B7C3B286A146}
		{17E9A912-F417-45C0-B79A-95D4CC9D604A} = {626DB107-AF44-4032-8B90-B7C3B286A146}
	EndGlobalSection
EndGlobal
